# This file is automatically @generated by Poetry 1.8.5 and should not be changed by hand.

[[package]]
name = "asgiref"
version = "3.8.1"
description = "ASGI specs, helper code, and adapters"
optional = false
python-versions = ">=3.8"
files = [
    {file = "asgiref-3.8.1-py3-none-any.whl", hash = "sha256:3e1e3ecc849832fe52ccf2cb6686b7a55f82bb1d6aee72a58826471390335e47"},
    {file = "asgiref-3.8.1.tar.gz", hash = "sha256:c343bd80a0bec947a9860adb4c432ffa7db769836c64238fc34bdc3fec84d590"},
]

[package.extras]
tests = ["mypy (>=0.800)", "pytest", "pytest-asyncio"]

[[package]]
name = "asn1crypto"
version = "1.5.1"
description = "Fast ASN.1 parser and serializer with definitions for private keys, public keys, certificates, CRL, OCSP, CMS, PKCS#3, PKCS#7, PKCS#8, PKCS#12, PKCS#5, X.509 and TSP"
optional = false
python-versions = "*"
files = [
    {file = "asn1crypto-1.5.1-py2.py3-none-any.whl", hash = "sha256:db4e40728b728508912cbb3d44f19ce188f218e9eba635821bb4b68564f8fd67"},
    {file = "asn1crypto-1.5.1.tar.gz", hash = "sha256:13ae38502be632115abf8a24cbe5f4da52e3b5231990aff31123c805306ccb9c"},
]

[[package]]
name = "django"
version = "5.1.4"
description = "A high-level Python web framework that encourages rapid development and clean, pragmatic design."
optional = false
python-versions = ">=3.10"
files = [
    {file = "Django-5.1.4-py3-none-any.whl", hash = "sha256:236e023f021f5ce7dee5779de7b286565fdea5f4ab86bae5338e3f7b69896cf0"},
    {file = "Django-5.1.4.tar.gz", hash = "sha256:de450c09e91879fa5a307f696e57c851955c910a438a35e6b4c895e86bedc82a"},
]

[package.dependencies]
asgiref = ">=3.8.1,<4"
sqlparse = ">=0.3.1"
tzdata = {version = "*", markers = "sys_platform == \"win32\""}

[package.extras]
argon2 = ["argon2-cffi (>=19.1.0)"]
bcrypt = ["bcrypt"]

[[package]]
name = "django-bootstrap3"
version = "24.3"
description = "Bootstrap 3 for Django"
optional = false
python-versions = ">=3.8"
files = [
    {file = "django_bootstrap3-24.3-py3-none-any.whl", hash = "sha256:65bbc34a85002e41923d3ba544febbcacfdc91d39186f284fc6748fad43909fa"},
    {file = "django_bootstrap3-24.3.tar.gz", hash = "sha256:e3d85ed48c131ed3535cb7dbad760275473052f18470b3fc060018cb21d229e0"},
]

[package.dependencies]
Django = ">=4.2"

[[package]]
name = "django-filter"
version = "24.3"
description = "Django-filter is a reusable Django application for allowing users to filter querysets dynamically."
optional = false
python-versions = ">=3.8"
files = [
    {file = "django_filter-24.3-py3-none-any.whl", hash = "sha256:c4852822928ce17fb699bcfccd644b3574f1a2d80aeb2b4ff4f16b02dd49dc64"},
    {file = "django_filter-24.3.tar.gz", hash = "sha256:d8ccaf6732afd21ca0542f6733b11591030fa98669f8d15599b358e24a2cd9c3"},
]

[package.dependencies]
Django = ">=4.2"

[[package]]
name = "django-pg8000"
version = "0.0.5"
description = "A Django database backend for pg8000"
optional = false
python-versions = ">=3.8"
files = [
    {file = "django_pg8000-0.0.5-py3-none-any.whl", hash = "sha256:f21aa1f0540a1435588287540122454a79f76220bcd82e64094fc97c1a30c888"},
    {file = "django_pg8000-0.0.5.tar.gz", hash = "sha256:dff41d1618c6b58a4d973d221c3075fa0eb06188ae90c37988069ade630e1a3d"},
]

[package.dependencies]
django = "*"
pg8000 = ">=1.30.4"
python-dateutil = "*"
pytz = "*"

[[package]]
name = "django-tables2"
version = "2.7.0"
description = "Table/data-grid framework for Django"
optional = false
python-versions = "*"
files = [
    {file = "django-tables2-2.7.0.tar.gz", hash = "sha256:4113fcc575eb438a12e83a4d4ea01452e4800d970e8bdd0e4122ac171af1900d"},
    {file = "django_tables2-2.7.0-py2.py3-none-any.whl", hash = "sha256:99e06d966ca8ac69fd74092eb45c79a280dd5ca0ccb81395d96261f62128e1af"},
]

[package.dependencies]
Django = ">=3.2"

[package.extras]
tablib = ["tablib"]

[[package]]
name = "pg8000"
version = "1.31.2"
description = "PostgreSQL interface library"
optional = false
python-versions = ">=3.8"
files = [
    {file = "pg8000-1.31.2-py3-none-any.whl", hash = "sha256:436c771ede71af4d4c22ba867a30add0bc5c942d7ab27fadbb6934a487ecc8f6"},
    {file = "pg8000-1.31.2.tar.gz", hash = "sha256:1ea46cf09d8eca07fe7eaadefd7951e37bee7fabe675df164f1a572ffb300876"},
]

[package.dependencies]
python-dateutil = ">=2.8.2"
scramp = ">=1.4.5"

[[package]]
name = "python-dateutil"
version = "2.9.0.post0"
description = "Extensions to the standard Python datetime module"
optional = false
python-versions = "!=3.0.*,!=3.1.*,!=3.2.*,>=2.7"
files = [
    {file = "python-dateutil-2.9.0.post0.tar.gz", hash = "sha256:37dd54208da7e1cd875388217d5e00ebd4179249f90fb72437e91a35459a0ad3"},
    {file = "python_dateutil-2.9.0.post0-py2.py3-none-any.whl", hash = "sha256:a8b2bc7bffae282281c8140a97d3aa9c14da0b136dfe83f850eea9a5f7470427"},
]

[package.dependencies]
six = ">=1.5"

[[package]]
name = "pytz"
version = "2024.2"
description = "World timezone definitions, modern and historical"
optional = false
python-versions = "*"
files = [
    {file = "pytz-2024.2-py2.py3-none-any.whl", hash = "sha256:31c7c1817eb7fae7ca4b8c7ee50c72f93aa2dd863de768e1ef4245d426aa0725"},
    {file = "pytz-2024.2.tar.gz", hash = "sha256:2aa355083c50a0f93fa581709deac0c9ad65cca8a9e9beac660adcbd493c798a"},
]

[[package]]
name = "scramp"
version = "1.4.5"
description = "An implementation of the SCRAM protocol."
optional = false
python-versions = ">=3.8"
files = [
    {file = "scramp-1.4.5-py3-none-any.whl", hash = "sha256:50e37c464fc67f37994e35bee4151e3d8f9320e9c204fca83a5d313c121bbbe7"},
    {file = "scramp-1.4.5.tar.gz", hash = "sha256:be3fbe774ca577a7a658117dca014e5d254d158cecae3dd60332dfe33ce6d78e"},
]

[package.dependencies]
asn1crypto = ">=1.5.1"

[[package]]
name = "six"
version = "1.17.0"
description = "Python 2 and 3 compatibility utilities"
optional = false
python-versions = "!=3.0.*,!=3.1.*,!=3.2.*,>=2.7"
files = [
    {file = "six-1.17.0-py2.py3-none-any.whl", hash = "sha256:4721f391ed90541fddacab5acf947aa0d3dc7d27b2e1e8eda2be8970586c3274"},
    {file = "six-1.17.0.tar.gz", hash = "sha256:ff70335d468e7eb6ec65b95b99d3a2836546063f63acc5171de367e834932a81"},
]

[[package]]
name = "sqlparse"
version = "0.5.3"
description = "A non-validating SQL parser."
optional = false
python-versions = ">=3.8"
files = [
    {file = "sqlparse-0.5.3-py3-none-any.whl", hash = "sha256:cf2196ed3418f3ba5de6af7e82c694a9fbdbfecccdfc72e281548517081f16ca"},
    {file = "sqlparse-0.5.3.tar.gz", hash = "sha256:09f67787f56a0b16ecdbde1bfc7f5d9c3371ca683cfeaa8e6ff60b4807ec9272"},
]

[package.extras]
dev = ["build", "hatch"]
doc = ["sphinx"]

[[package]]
name = "tzdata"
version = "2024.2"
description = "Provider of IANA time zone data"
optional = false
python-versions = ">=2"
files = [
    {file = "tzdata-2024.2-py2.py3-none-any.whl", hash = "sha256:a48093786cdcde33cad18c2555e8532f34422074448fbc874186f0abd79565cd"},
    {file = "tzdata-2024.2.tar.gz", hash = "sha256:7d85cc416e9382e69095b7bdf4afd9e3880418a2413feec7069d533d6b4e31cc"},
]

[metadata]
lock-version = "2.0"
python-versions = "^3.12"
content-hash = "6d26cabfec47b4d4d0ed586e6fb0a2b3a6bd04e68ed234ce9255678aec562c8b"
